
Microsoft Visual Studio Solution File, Format Version 12.00
# Visual Studio Version 17
VisualStudioVersion = 17.9.34518.117
MinimumVisualStudioVersion = 10.0.40219.1
Project("{2150E333-8FDC-42A3-9474-1A3956D46DE8}") = "src", "src", "{DEC09C34-5FD8-406C-8737-8925963750F7}"
EndProject
Project("{9A19103F-16F7-4668-BE54-9A1E7A4F7556}") = "ConfigEditor", "src\ConfigEditor\ConfigEditor.csproj", "{8AEC120E-4F15-45DF-BE87-D92C4F296749}"
EndProject
Project("{2150E333-8FDC-42A3-9474-1A3956D46DE8}") = "test", "test", "{BC95CB30-7AC5-42AF-94DB-6083277FD3D1}"
EndProject
Project("{2150E333-8FDC-42A3-9474-1A3956D46DE8}") = "UI", "UI", "{F625060A-EE1B-4773-BE86-78096023D664}"
EndProject
Project("{9A19103F-16F7-4668-BE54-9A1E7A4F7556}") = "ConfigEditor.UIBase", "src\UI\ConfigEditor.UIBase\ConfigEditor.UIBase.csproj", "{59E49718-EB23-463F-89FA-4EF9ACFB26B6}"
EndProject
Project("{9A19103F-16F7-4668-BE54-9A1E7A4F7556}") = "Test1", "test\Test1\Test1.csproj", "{A3F55920-8CFA-4765-A3BA-5CFA2783FE91}"
EndProject
Project("{9A19103F-16F7-4668-BE54-9A1E7A4F7556}") = "Test1.UI", "test\Test1.UI\Test1.UI.csproj", "{75EF4D75-0986-4B9D-9282-17C34BE8CBF9}"
EndProject
Project("{9A19103F-16F7-4668-BE54-9A1E7A4F7556}") = "ConfigEditor.Wpf", "src\UI\ConfigEditor.Wpf\ConfigEditor.Wpf.csproj", "{441C826E-E7F0-424B-A3EC-0C263A03E515}"
EndProject
Global
	GlobalSection(SolutionConfigurationPlatforms) = preSolution
		Debug|Any CPU = Debug|Any CPU
		Release|Any CPU = Release|Any CPU
	EndGlobalSection
	GlobalSection(ProjectConfigurationPlatforms) = postSolution
		{8AEC120E-4F15-45DF-BE87-D92C4F296749}.Debug|Any CPU.ActiveCfg = Debug|Any CPU
		{8AEC120E-4F15-45DF-BE87-D92C4F296749}.Debug|Any CPU.Build.0 = Debug|Any CPU
		{8AEC120E-4F15-45DF-BE87-D92C4F296749}.Release|Any CPU.ActiveCfg = Release|Any CPU
		{8AEC120E-4F15-45DF-BE87-D92C4F296749}.Release|Any CPU.Build.0 = Release|Any CPU
		{59E49718-EB23-463F-89FA-4EF9ACFB26B6}.Debug|Any CPU.ActiveCfg = Debug|Any CPU
		{59E49718-EB23-463F-89FA-4EF9ACFB26B6}.Debug|Any CPU.Build.0 = Debug|Any CPU
		{59E49718-EB23-463F-89FA-4EF9ACFB26B6}.Release|Any CPU.ActiveCfg = Release|Any CPU
		{59E49718-EB23-463F-89FA-4EF9ACFB26B6}.Release|Any CPU.Build.0 = Release|Any CPU
		{A3F55920-8CFA-4765-A3BA-5CFA2783FE91}.Debug|Any CPU.ActiveCfg = Debug|Any CPU
		{A3F55920-8CFA-4765-A3BA-5CFA2783FE91}.Debug|Any CPU.Build.0 = Debug|Any CPU
		{A3F55920-8CFA-4765-A3BA-5CFA2783FE91}.Release|Any CPU.ActiveCfg = Release|Any CPU
		{A3F55920-8CFA-4765-A3BA-5CFA2783FE91}.Release|Any CPU.Build.0 = Release|Any CPU
		{75EF4D75-0986-4B9D-9282-17C34BE8CBF9}.Debug|Any CPU.ActiveCfg = Debug|Any CPU
		{75EF4D75-0986-4B9D-9282-17C34BE8CBF9}.Debug|Any CPU.Build.0 = Debug|Any CPU
		{75EF4D75-0986-4B9D-9282-17C34BE8CBF9}.Release|Any CPU.ActiveCfg = Release|Any CPU
		{75EF4D75-0986-4B9D-9282-17C34BE8CBF9}.Release|Any CPU.Build.0 = Release|Any CPU
		{441C826E-E7F0-424B-A3EC-0C263A03E515}.Debug|Any CPU.ActiveCfg = Debug|Any CPU
		{441C826E-E7F0-424B-A3EC-0C263A03E515}.Debug|Any CPU.Build.0 = Debug|Any CPU
		{441C826E-E7F0-424B-A3EC-0C263A03E515}.Release|Any CPU.ActiveCfg = Release|Any CPU
		{441C826E-E7F0-424B-A3EC-0C263A03E515}.Release|Any CPU.Build.0 = Release|Any CPU
	EndGlobalSection
	GlobalSection(SolutionProperties) = preSolution
		HideSolutionNode = FALSE
	EndGlobalSection
	GlobalSection(NestedProjects) = preSolution
		{8AEC120E-4F15-45DF-BE87-D92C4F296749} = {DEC09C34-5FD8-406C-8737-8925963750F7}
		{F625060A-EE1B-4773-BE86-78096023D664} = {DEC09C34-5FD8-406C-8737-8925963750F7}
		{59E49718-EB23-463F-89FA-4EF9ACFB26B6} = {F625060A-EE1B-4773-BE86-78096023D664}
		{A3F55920-8CFA-4765-A3BA-5CFA2783FE91} = {BC95CB30-7AC5-42AF-94DB-6083277FD3D1}
		{75EF4D75-0986-4B9D-9282-17C34BE8CBF9} = {BC95CB30-7AC5-42AF-94DB-6083277FD3D1}
		{441C826E-E7F0-424B-A3EC-0C263A03E515} = {F625060A-EE1B-4773-BE86-78096023D664}
	EndGlobalSection
	GlobalSection(ExtensibilityGlobals) = postSolution
		SolutionGuid = {9C84C10F-6CF5-4272-802C-931C5D306F73}
	EndGlobalSection
EndGlobal
